// !$*UTF8*$!
{
	archiveVersion = 1;
	classes = {
	};
	objectVersion = 54;
	objects = {

/* Begin PBXBuildFile section */
		1A508E74273A3887007EABB2 /* Assets.xcassets in Resources */ = {isa = PBXBuildFile; fileRef = 1A508E66273A3887007EABB2 /* Assets.xcassets */; };
		1A508E77273A3887007EABB2 /* LaunchScreen.storyboard in Resources */ = {isa = PBXBuildFile; fileRef = 1A508E69273A3887007EABB2 /* LaunchScreen.storyboard */; };
		1A508E78273A3887007EABB2 /* Main.storyboard in Resources */ = {isa = PBXBuildFile; fileRef = 1A508E6B273A3887007EABB2 /* Main.storyboard */; };
		1A508E79273A3887007EABB2 /* GettingStarted.m in Sources */ = {isa = PBXBuildFile; fileRef = 1A508E6D273A3887007EABB2 /* GettingStarted.m */; };
		1A508E7A273A3887007EABB2 /* main.m in Sources */ = {isa = PBXBuildFile; fileRef = 1A508E6E273A3887007EABB2 /* main.m */; };
		1A508E7B273A3887007EABB2 /* AppDelegate.m in Sources */ = {isa = PBXBuildFile; fileRef = 1A508E6F273A3887007EABB2 /* AppDelegate.m */; };
		1A508E7C273A3887007EABB2 /* SampleCodeTest.m in Sources */ = {isa = PBXBuildFile; fileRef = 1A508E70273A3887007EABB2 /* SampleCodeTest.m */; };
		4001A1BC2BB344790067B507 /* CouchbaseLiteVectorSearch.xcframework in Frameworks */ = {isa = PBXBuildFile; fileRef = 4001A1BA2BB344790067B507 /* CouchbaseLiteVectorSearch.xcframework */; };
		4001A1BD2BB344790067B507 /* CouchbaseLiteVectorSearch.xcframework in Embed Frameworks */ = {isa = PBXBuildFile; fileRef = 4001A1BA2BB344790067B507 /* CouchbaseLiteVectorSearch.xcframework */; settings = {ATTRIBUTES = (CodeSignOnCopy, RemoveHeadersOnCopy, ); }; };
		4001A1BE2BB344790067B507 /* CouchbaseLite.xcframework in Frameworks */ = {isa = PBXBuildFile; fileRef = 4001A1BB2BB344790067B507 /* CouchbaseLite.xcframework */; };
		4001A1BF2BB344790067B507 /* CouchbaseLite.xcframework in Embed Frameworks */ = {isa = PBXBuildFile; fileRef = 4001A1BB2BB344790067B507 /* CouchbaseLite.xcframework */; settings = {ATTRIBUTES = (CodeSignOnCopy, RemoveHeadersOnCopy, ); }; };
		AE96AF0C2BF24E36000253DF /* VectorSearch.m in Sources */ = {isa = PBXBuildFile; fileRef = AE96AF0B2BF24E36000253DF /* VectorSearch.m */; };
/* End PBXBuildFile section */

/* Begin PBXCopyFilesBuildPhase section */
		4001A1C02BB344790067B507 /* Embed Frameworks */ = {
			isa = PBXCopyFilesBuildPhase;
			buildActionMask = 2147483647;
			dstPath = "";
			dstSubfolderSpec = 10;
			files = (
				4001A1BD2BB344790067B507 /* CouchbaseLiteVectorSearch.xcframework in Embed Frameworks */,
				4001A1BF2BB344790067B507 /* CouchbaseLite.xcframework in Embed Frameworks */,
			);
			name = "Embed Frameworks";
			runOnlyForDeploymentPostprocessing = 0;
		};
/* End PBXCopyFilesBuildPhase section */

/* Begin PBXFileReference section */
		1A354CEB273B5996001A20BE /* GettingStarted.h */ = {isa = PBXFileReference; lastKnownFileType = sourcecode.c.h; path = GettingStarted.h; sourceTree = "<group>"; };
		1A354CEC273B5A54001A20BE /* Info.plist */ = {isa = PBXFileReference; lastKnownFileType = text.plist.xml; path = Info.plist; sourceTree = "<group>"; };
		1A508E64273A3887007EABB2 /* AppDelegate.h */ = {isa = PBXFileReference; fileEncoding = 4; lastKnownFileType = sourcecode.c.h; path = AppDelegate.h; sourceTree = "<group>"; };
		1A508E66273A3887007EABB2 /* Assets.xcassets */ = {isa = PBXFileReference; lastKnownFileType = folder.assetcatalog; path = Assets.xcassets; sourceTree = "<group>"; };
		1A508E6A273A3887007EABB2 /* Base */ = {isa = PBXFileReference; lastKnownFileType = file.storyboard; name = Base; path = Base.lproj/LaunchScreen.storyboard; sourceTree = "<group>"; };
		1A508E6C273A3887007EABB2 /* Base */ = {isa = PBXFileReference; lastKnownFileType = file.storyboard; name = Base; path = Base.lproj/Main.storyboard; sourceTree = "<group>"; };
		1A508E6D273A3887007EABB2 /* GettingStarted.m */ = {isa = PBXFileReference; fileEncoding = 4; lastKnownFileType = sourcecode.c.objc; path = GettingStarted.m; sourceTree = "<group>"; };
		1A508E6E273A3887007EABB2 /* main.m */ = {isa = PBXFileReference; fileEncoding = 4; lastKnownFileType = sourcecode.c.objc; path = main.m; sourceTree = "<group>"; };
		1A508E6F273A3887007EABB2 /* AppDelegate.m */ = {isa = PBXFileReference; fileEncoding = 4; lastKnownFileType = sourcecode.c.objc; path = AppDelegate.m; sourceTree = "<group>"; };
		1A508E70273A3887007EABB2 /* SampleCodeTest.m */ = {isa = PBXFileReference; fileEncoding = 4; lastKnownFileType = sourcecode.c.objc; path = SampleCodeTest.m; sourceTree = "<group>"; };
		4001A1B82BB343120067B507 /* code-snippets.app */ = {isa = PBXFileReference; explicitFileType = wrapper.application; includeInIndex = 0; path = "code-snippets.app"; sourceTree = BUILT_PRODUCTS_DIR; };
		4001A1BA2BB344790067B507 /* CouchbaseLiteVectorSearch.xcframework */ = {isa = PBXFileReference; lastKnownFileType = wrapper.xcframework; name = CouchbaseLiteVectorSearch.xcframework; path = Frameworks/CouchbaseLiteVectorSearch.xcframework; sourceTree = "<group>"; };
		4001A1BB2BB344790067B507 /* CouchbaseLite.xcframework */ = {isa = PBXFileReference; lastKnownFileType = wrapper.xcframework; name = CouchbaseLite.xcframework; path = Frameworks/CouchbaseLite.xcframework; sourceTree = "<group>"; };
		AE96AF0B2BF24E36000253DF /* VectorSearch.m */ = {isa = PBXFileReference; fileEncoding = 4; lastKnownFileType = sourcecode.c.objc; path = VectorSearch.m; sourceTree = "<group>"; };
/* End PBXFileReference section */

/* Begin PBXFrameworksBuildPhase section */
		BEC78AD7221A9A6500FC586A /* Frameworks */ = {
			isa = PBXFrameworksBuildPhase;
			buildActionMask = 2147483647;
			files = (
				4001A1BC2BB344790067B507 /* CouchbaseLiteVectorSearch.xcframework in Frameworks */,
				4001A1BE2BB344790067B507 /* CouchbaseLite.xcframework in Frameworks */,
			);
			runOnlyForDeploymentPostprocessing = 0;
		};
/* End PBXFrameworksBuildPhase section */

/* Begin PBXGroup section */
		1A508E63273A3887007EABB2 /* code_snippets */ = {
			isa = PBXGroup;
			children = (
				1A354CEC273B5A54001A20BE /* Info.plist */,
				1A508E64273A3887007EABB2 /* AppDelegate.h */,
				1A508E66273A3887007EABB2 /* Assets.xcassets */,
				1A508E69273A3887007EABB2 /* LaunchScreen.storyboard */,
				1A508E6B273A3887007EABB2 /* Main.storyboard */,
				1A508E6D273A3887007EABB2 /* GettingStarted.m */,
				1A508E6E273A3887007EABB2 /* main.m */,
				1A508E6F273A3887007EABB2 /* AppDelegate.m */,
				1A508E70273A3887007EABB2 /* SampleCodeTest.m */,
				AE96AF0B2BF24E36000253DF /* VectorSearch.m */,
				1A354CEB273B5996001A20BE /* GettingStarted.h */,
			);
			path = code_snippets;
			sourceTree = "<group>";
		};
		4001A1B92BB344790067B507 /* Frameworks */ = {
			isa = PBXGroup;
			children = (
				4001A1BB2BB344790067B507 /* CouchbaseLite.xcframework */,
				4001A1BA2BB344790067B507 /* CouchbaseLiteVectorSearch.xcframework */,
			);
			name = Frameworks;
			sourceTree = "<group>";
		};
		BEC78AD1221A9A6500FC586A = {
			isa = PBXGroup;
			children = (
				1A508E63273A3887007EABB2 /* code_snippets */,
				4001A1B82BB343120067B507 /* code-snippets.app */,
				4001A1B92BB344790067B507 /* Frameworks */,
			);
			sourceTree = "<group>";
		};
/* End PBXGroup section */

/* Begin PBXNativeTarget section */
		BEC78AD9221A9A6500FC586A /* code-snippets */ = {
			isa = PBXNativeTarget;
			buildConfigurationList = BEC78AF0221A9A6600FC586A /* Build configuration list for PBXNativeTarget "code-snippets" */;
			buildPhases = (
				BEC78AD6221A9A6500FC586A /* Sources */,
				BEC78AD7221A9A6500FC586A /* Frameworks */,
				BEC78AD8221A9A6500FC586A /* Resources */,
				4001A1C02BB344790067B507 /* Embed Frameworks */,
			);
			buildRules = (
			);
			dependencies = (
			);
			name = "code-snippets";
			packageProductDependencies = (
			);
			productName = "code-snippets";
			productReference = 4001A1B82BB343120067B507 /* code-snippets.app */;
			productType = "com.apple.product-type.application";
		};
/* End PBXNativeTarget section */

/* Begin PBXProject section */
		BEC78AD2221A9A6500FC586A /* Project object */ = {
			isa = PBXProject;
			attributes = {
				LastUpgradeCheck = 1320;
				ORGANIZATIONNAME = couchbase;
				TargetAttributes = {
					BEC78AD9221A9A6500FC586A = {
						CreatedOnToolsVersion = 10.1;
					};
				};
			};
			buildConfigurationList = BEC78AD5221A9A6500FC586A /* Build configuration list for PBXProject "code_snippets" */;
			compatibilityVersion = "Xcode 9.3";
			developmentRegion = en;
			hasScannedForEncodings = 0;
			knownRegions = (
				en,
				Base,
			);
			mainGroup = BEC78AD1221A9A6500FC586A;
			packageReferences = (
			);
			productRefGroup = BEC78AD1221A9A6500FC586A;
			projectDirPath = "";
			projectRoot = "";
			targets = (
				BEC78AD9221A9A6500FC586A /* code-snippets */,
			);
		};
/* End PBXProject section */

/* Begin PBXResourcesBuildPhase section */
		BEC78AD8221A9A6500FC586A /* Resources */ = {
			isa = PBXResourcesBuildPhase;
			buildActionMask = 2147483647;
			files = (
				1A508E78273A3887007EABB2 /* Main.storyboard in Resources */,
				1A508E74273A3887007EABB2 /* Assets.xcassets in Resources */,
				1A508E77273A3887007EABB2 /* LaunchScreen.storyboard in Resources */,
			);
			runOnlyForDeploymentPostprocessing = 0;
		};
/* End PBXResourcesBuildPhase section */

/* Begin PBXSourcesBuildPhase section */
		BEC78AD6221A9A6500FC586A /* Sources */ = {
			isa = PBXSourcesBuildPhase;
			buildActionMask = 2147483647;
			files = (
				1A508E7A273A3887007EABB2 /* main.m in Sources */,
				1A508E79273A3887007EABB2 /* GettingStarted.m in Sources */,
				1A508E7B273A3887007EABB2 /* AppDelegate.m in Sources */,
				1A508E7C273A3887007EABB2 /* SampleCodeTest.m in Sources */,
				AE96AF0C2BF24E36000253DF /* VectorSearch.m in Sources */,
			);
			runOnlyForDeploymentPostprocessing = 0;
		};
/* End PBXSourcesBuildPhase section */

/* Begin PBXVariantGroup section */
		1A508E69273A3887007EABB2 /* LaunchScreen.storyboard */ = {
			isa = PBXVariantGroup;
			children = (
				1A508E6A273A3887007EABB2 /* Base */,
			);
			name = LaunchScreen.storyboard;
			sourceTree = "<group>";
		};
		1A508E6B273A3887007EABB2 /* Main.storyboard */ = {
			isa = PBXVariantGroup;
			children = (
				1A508E6C273A3887007EABB2 /* Base */,
			);
			name = Main.storyboard;
			sourceTree = "<group>";
		};
/* End PBXVariantGroup section */

/* Begin XCBuildConfiguration section */
		BEC78AEE221A9A6600FC586A /* Debug */ = {
			isa = XCBuildConfiguration;
			buildSettings = {
				ALWAYS_SEARCH_USER_PATHS = NO;
				CLANG_ANALYZER_NONNULL = YES;
				CLANG_ANALYZER_NUMBER_OBJECT_CONVERSION = YES_AGGRESSIVE;
				CLANG_CXX_LANGUAGE_STANDARD = "gnu++14";
				CLANG_CXX_LIBRARY = "libc++";
				CLANG_ENABLE_MODULES = YES;
				CLANG_ENABLE_OBJC_ARC = YES;
				CLANG_ENABLE_OBJC_WEAK = YES;
				CLANG_WARN_BLOCK_CAPTURE_AUTORELEASING = YES;
				CLANG_WARN_BOOL_CONVERSION = YES;
				CLANG_WARN_COMMA = YES;
				CLANG_WARN_CONSTANT_CONVERSION = YES;
				CLANG_WARN_DEPRECATED_OBJC_IMPLEMENTATIONS = YES;
				CLANG_WARN_DIRECT_OBJC_ISA_USAGE = YES_ERROR;
				CLANG_WARN_DOCUMENTATION_COMMENTS = YES;
				CLANG_WARN_EMPTY_BODY = YES;
				CLANG_WARN_ENUM_CONVERSION = YES;
				CLANG_WARN_INFINITE_RECURSION = YES;
				CLANG_WARN_INT_CONVERSION = YES;
				CLANG_WARN_NON_LITERAL_NULL_CONVERSION = YES;
				CLANG_WARN_OBJC_IMPLICIT_RETAIN_SELF = YES;
				CLANG_WARN_OBJC_LITERAL_CONVERSION = YES;
				CLANG_WARN_OBJC_ROOT_CLASS = YES_ERROR;
				CLANG_WARN_QUOTED_INCLUDE_IN_FRAMEWORK_HEADER = YES;
				CLANG_WARN_RANGE_LOOP_ANALYSIS = YES;
				CLANG_WARN_STRICT_PROTOTYPES = YES;
				CLANG_WARN_SUSPICIOUS_MOVE = YES;
				CLANG_WARN_UNGUARDED_AVAILABILITY = YES_AGGRESSIVE;
				CLANG_WARN_UNREACHABLE_CODE = YES;
				CLANG_WARN__DUPLICATE_METHOD_MATCH = YES;
				CODE_SIGN_IDENTITY = "iPhone Developer";
				COPY_PHASE_STRIP = NO;
				DEBUG_INFORMATION_FORMAT = dwarf;
				ENABLE_STRICT_OBJC_MSGSEND = YES;
				ENABLE_TESTABILITY = YES;
				GCC_C_LANGUAGE_STANDARD = gnu11;
				GCC_DYNAMIC_NO_PIC = NO;
				GCC_NO_COMMON_BLOCKS = YES;
				GCC_OPTIMIZATION_LEVEL = 0;
				GCC_PREPROCESSOR_DEFINITIONS = (
					"DEBUG=1",
					"$(inherited)",
				);
				GCC_WARN_64_TO_32_BIT_CONVERSION = YES;
				GCC_WARN_ABOUT_RETURN_TYPE = YES_ERROR;
				GCC_WARN_UNDECLARED_SELECTOR = YES;
				GCC_WARN_UNINITIALIZED_AUTOS = YES_AGGRESSIVE;
				GCC_WARN_UNUSED_FUNCTION = YES;
				GCC_WARN_UNUSED_VARIABLE = YES;
				IPHONEOS_DEPLOYMENT_TARGET = 13.0;
				MTL_ENABLE_DEBUG_INFO = INCLUDE_SOURCE;
				MTL_FAST_MATH = YES;
				ONLY_ACTIVE_ARCH = YES;
				SDKROOT = iphoneos;
			};
			name = Debug;
		};
		BEC78AEF221A9A6600FC586A /* Release */ = {
			isa = XCBuildConfiguration;
			buildSettings = {
				ALWAYS_SEARCH_USER_PATHS = NO;
				CLANG_ANALYZER_NONNULL = YES;
				CLANG_ANALYZER_NUMBER_OBJECT_CONVERSION = YES_AGGRESSIVE;
				CLANG_CXX_LANGUAGE_STANDARD = "gnu++14";
				CLANG_CXX_LIBRARY = "libc++";
				CLANG_ENABLE_MODULES = YES;
				CLANG_ENABLE_OBJC_ARC = YES;
				CLANG_ENABLE_OBJC_WEAK = YES;
				CLANG_WARN_BLOCK_CAPTURE_AUTORELEASING = YES;
				CLANG_WARN_BOOL_CONVERSION = YES;
				CLANG_WARN_COMMA = YES;
				CLANG_WARN_CONSTANT_CONVERSION = YES;
				CLANG_WARN_DEPRECATED_OBJC_IMPLEMENTATIONS = YES;
				CLANG_WARN_DIRECT_OBJC_ISA_USAGE = YES_ERROR;
				CLANG_WARN_DOCUMENTATION_COMMENTS = YES;
				CLANG_WARN_EMPTY_BODY = YES;
				CLANG_WARN_ENUM_CONVERSION = YES;
				CLANG_WARN_INFINITE_RECURSION = YES;
				CLANG_WARN_INT_CONVERSION = YES;
				CLANG_WARN_NON_LITERAL_NULL_CONVERSION = YES;
				CLANG_WARN_OBJC_IMPLICIT_RETAIN_SELF = YES;
				CLANG_WARN_OBJC_LITERAL_CONVERSION = YES;
				CLANG_WARN_OBJC_ROOT_CLASS = YES_ERROR;
				CLANG_WARN_QUOTED_INCLUDE_IN_FRAMEWORK_HEADER = YES;
				CLANG_WARN_RANGE_LOOP_ANALYSIS = YES;
				CLANG_WARN_STRICT_PROTOTYPES = YES;
				CLANG_WARN_SUSPICIOUS_MOVE = YES;
				CLANG_WARN_UNGUARDED_AVAILABILITY = YES_AGGRESSIVE;
				CLANG_WARN_UNREACHABLE_CODE = YES;
				CLANG_WARN__DUPLICATE_METHOD_MATCH = YES;
				CODE_SIGN_IDENTITY = "iPhone Developer";
				COPY_PHASE_STRIP = NO;
				DEBUG_INFORMATION_FORMAT = "dwarf-with-dsym";
				ENABLE_NS_ASSERTIONS = NO;
				ENABLE_STRICT_OBJC_MSGSEND = YES;
				GCC_C_LANGUAGE_STANDARD = gnu11;
				GCC_NO_COMMON_BLOCKS = YES;
				GCC_WARN_64_TO_32_BIT_CONVERSION = YES;
				GCC_WARN_ABOUT_RETURN_TYPE = YES_ERROR;
				GCC_WARN_UNDECLARED_SELECTOR = YES;
				GCC_WARN_UNINITIALIZED_AUTOS = YES_AGGRESSIVE;
				GCC_WARN_UNUSED_FUNCTION = YES;
				GCC_WARN_UNUSED_VARIABLE = YES;
				IPHONEOS_DEPLOYMENT_TARGET = 13.0;
				MTL_ENABLE_DEBUG_INFO = NO;
				MTL_FAST_MATH = YES;
				SDKROOT = iphoneos;
				VALIDATE_PRODUCT = YES;
			};
			name = Release;
		};
		BEC78AF1221A9A6600FC586A /* Debug */ = {
			isa = XCBuildConfiguration;
			buildSettings = {
				ASSETCATALOG_COMPILER_APPICON_NAME = AppIcon;
				CODE_SIGN_STYLE = Automatic;
				DEVELOPMENT_TEAM = N2Q372V7W2;
				FRAMEWORK_SEARCH_PATHS = (
					"$(inherited)",
					"$(PROJECT_DIR)/Frameworks",
				);
				INFOPLIST_FILE = code_snippets/Info.plist;
				LD_RUNPATH_SEARCH_PATHS = (
					"$(inherited)",
					"@executable_path/Frameworks",
				);
				PRODUCT_BUNDLE_IDENTIFIER = "com.couchbase.code-snippets";
				PRODUCT_NAME = "$(TARGET_NAME)";
				TARGETED_DEVICE_FAMILY = "1,2";
			};
			name = Debug;
		};
		BEC78AF2221A9A6600FC586A /* Release */ = {
			isa = XCBuildConfiguration;
			buildSettings = {
				ASSETCATALOG_COMPILER_APPICON_NAME = AppIcon;
				CODE_SIGN_STYLE = Automatic;
				DEVELOPMENT_TEAM = N2Q372V7W2;
				FRAMEWORK_SEARCH_PATHS = (
					"$(inherited)",
					"$(PROJECT_DIR)/Frameworks",
				);
				INFOPLIST_FILE = code_snippets/Info.plist;
				LD_RUNPATH_SEARCH_PATHS = (
					"$(inherited)",
					"@executable_path/Frameworks",
				);
				PRODUCT_BUNDLE_IDENTIFIER = "com.couchbase.code-snippets";
				PRODUCT_NAME = "$(TARGET_NAME)";
				TARGETED_DEVICE_FAMILY = "1,2";
			};
			name = Release;
		};
/* End XCBuildConfiguration section */

/* Begin XCConfigurationList section */
		BEC78AD5221A9A6500FC586A /* Build configuration list for PBXProject "code_snippets" */ = {
			isa = XCConfigurationList;
			buildConfigurations = (
				BEC78AEE221A9A6600FC586A /* Debug */,
				BEC78AEF221A9A6600FC586A /* Release */,
			);
			defaultConfigurationIsVisible = 0;
			defaultConfigurationName = Release;
		};
		BEC78AF0221A9A6600FC586A /* Build configuration list for PBXNativeTarget "code-snippets" */ = {
			isa = XCConfigurationList;
			buildConfigurations = (
				BEC78AF1221A9A6600FC586A /* Debug */,
				BEC78AF2221A9A6600FC586A /* Release */,
			);
			defaultConfigurationIsVisible = 0;
			defaultConfigurationName = Release;
		};
/* End XCConfigurationList section */
	};
	rootObject = BEC78AD2221A9A6500FC586A /* Project object */;
}
